
Microsoft Visual Studio Solution File, Format Version 12.00
# Visual Studio Version 17
VisualStudioVersion = 17.4.33213.308
MinimumVisualStudioVersion = 10.0.40219.1
Project("{FAE04EC0-301F-11D3-BF4B-00C04F79EFBC}") = "TasksSystem", "TasksSystem\TasksSystem.csproj", "{0FE6AD4B-F9FB-41FA-8B28-CC515FE289C1}"
EndProject
Global
	GlobalSection(SolutionConfigurationPlatforms) = preSolution
		Debug|Any CPU = Debug|Any CPU
		Release|Any CPU = Release|Any CPU
	EndGlobalSection
	GlobalSection(ProjectConfigurationPlatforms) = postSolution
		{0FE6AD4B-F9FB-41FA-8B28-CC515FE289C1}.Debug|Any CPU.ActiveCfg = Debug|Any CPU
		{0FE6AD4B-F9FB-41FA-8B28-CC515FE289C1}.Debug|Any CPU.Build.0 = Debug|Any CPU
		{0FE6AD4B-F9FB-41FA-8B28-CC515FE289C1}.Release|Any CPU.ActiveCfg = Release|Any CPU
		{0FE6AD4B-F9FB-41FA-8B28-CC515FE289C1}.Release|Any CPU.Build.0 = Release|Any CPU
	EndGlobalSection
	GlobalSection(SolutionProperties) = preSolution
		HideSolutionNode = FALSE
	EndGlobalSection
	GlobalSection(ExtensibilityGlobals) = postSolution
		SolutionGuid = {3E11C440-B9D9-4D4C-BE2C-17757C6EFAFD}
	EndGlobalSection
EndGlobal
